// !$*UTF8*$!
{
	archiveVersion = 1;
	classes = {
	};
	objectVersion = 46;
	objects = {

/* Begin PBXBuildFile section */
		B2E9A2AB18F07D3700B1EC87 /* Foundation.framework in Frameworks */ = {isa = PBXBuildFile; fileRef = B2E9A2AA18F07D3700B1EC87 /* Foundation.framework */; };
		B2E9A2AD18F07D3700B1EC87 /* CoreGraphics.framework in Frameworks */ = {isa = PBXBuildFile; fileRef = B2E9A2AC18F07D3700B1EC87 /* CoreGraphics.framework */; };
		B2E9A2AF18F07D3700B1EC87 /* UIKit.framework in Frameworks */ = {isa = PBXBuildFile; fileRef = B2E9A2AE18F07D3700B1EC87 /* UIKit.framework */; };
		B2E9A2B518F07D3700B1EC87 /* InfoPlist.strings in Resources */ = {isa = PBXBuildFile; fileRef = B2E9A2B318F07D3700B1EC87 /* InfoPlist.strings */; };
		B2E9A2B718F07D3700B1EC87 /* main.m in Sources */ = {isa = PBXBuildFile; fileRef = B2E9A2B618F07D3700B1EC87 /* main.m */; };
		B2E9A2BB18F07D3700B1EC87 /* JKGAppDelegate.m in Sources */ = {isa = PBXBuildFile; fileRef = B2E9A2BA18F07D3700B1EC87 /* JKGAppDelegate.m */; };
		B2E9A2BE18F07D3700B1EC87 /* Main.storyboard in Resources */ = {isa = PBXBuildFile; fileRef = B2E9A2BC18F07D3700B1EC87 /* Main.storyboard */; };
		B2E9A2C118F07D3700B1EC87 /* JKGViewController.m in Sources */ = {isa = PBXBuildFile; fileRef = B2E9A2C018F07D3700B1EC87 /* JKGViewController.m */; };
		B2E9A2C318F07D3700B1EC87 /* Images.xcassets in Resources */ = {isa = PBXBuildFile; fileRef = B2E9A2C218F07D3700B1EC87 /* Images.xcassets */; };
		B2E9A2CA18F07D3700B1EC87 /* XCTest.framework in Frameworks */ = {isa = PBXBuildFile; fileRef = B2E9A2C918F07D3700B1EC87 /* XCTest.framework */; };
		B2E9A2CB18F07D3700B1EC87 /* Foundation.framework in Frameworks */ = {isa = PBXBuildFile; fileRef = B2E9A2AA18F07D3700B1EC87 /* Foundation.framework */; };
		B2E9A2CC18F07D3700B1EC87 /* UIKit.framework in Frameworks */ = {isa = PBXBuildFile; fileRef = B2E9A2AE18F07D3700B1EC87 /* UIKit.framework */; };
		B2E9A2D418F07D3700B1EC87 /* InfoPlist.strings in Resources */ = {isa = PBXBuildFile; fileRef = B2E9A2D218F07D3700B1EC87 /* InfoPlist.strings */; };
		B2E9A2D618F07D3700B1EC87 /* JuditKleinTests.m in Sources */ = {isa = PBXBuildFile; fileRef = B2E9A2D518F07D3700B1EC87 /* JuditKleinTests.m */; };
		B2E9A2E418F07DDB00B1EC87 /* JKGSafetyVideo.m in Sources */ = {isa = PBXBuildFile; fileRef = B2E9A2E318F07DDB00B1EC87 /* JKGSafetyVideo.m */; };
		B2E9A2E718F07E0200B1EC87 /* JKGCountry.m in Sources */ = {isa = PBXBuildFile; fileRef = B2E9A2E618F07E0200B1EC87 /* JKGCountry.m */; };
		B2E9A2EA18F07EB800B1EC87 /* JKGCountryProjectDetail.m in Sources */ = {isa = PBXBuildFile; fileRef = B2E9A2E918F07EB800B1EC87 /* JKGCountryProjectDetail.m */; };
		B2E9A2EF18F07FCC00B1EC87 /* JKGSafetyVideoViewController.m in Sources */ = {isa = PBXBuildFile; fileRef = B2E9A2ED18F07FCC00B1EC87 /* JKGSafetyVideoViewController.m */; };
		B2E9A2F018F07FCC00B1EC87 /* JKGSafetyVideoViewController.xib in Resources */ = {isa = PBXBuildFile; fileRef = B2E9A2EE18F07FCC00B1EC87 /* JKGSafetyVideoViewController.xib */; };
		B2E9A2F418F0805300B1EC87 /* JKGCountryViewController.m in Sources */ = {isa = PBXBuildFile; fileRef = B2E9A2F318F0805300B1EC87 /* JKGCountryViewController.m */; };
		B2E9A2F818F0836F00B1EC87 /* JKGCountryDetailViewController.m in Sources */ = {isa = PBXBuildFile; fileRef = B2E9A2F718F0836F00B1EC87 /* JKGCountryDetailViewController.m */; };
		B2E9A30018F0A5B800B1EC87 /* JKGDatabase.m in Sources */ = {isa = PBXBuildFile; fileRef = B2E9A2FF18F0A5B800B1EC87 /* JKGDatabase.m */; };
		B2E9A30918F0A7F500B1EC87 /* AKL.plist in Resources */ = {isa = PBXBuildFile; fileRef = B2E9A30818F0A7F500B1EC87 /* AKL.plist */; };
		B2E9A30B18F0C70000B1EC87 /* TVU.plist in Resources */ = {isa = PBXBuildFile; fileRef = B2E9A30A18F0C70000B1EC87 /* TVU.plist */; };
		B2E9A30D18F0C76300B1EC87 /* MEL.plist in Resources */ = {isa = PBXBuildFile; fileRef = B2E9A30C18F0C76300B1EC87 /* MEL.plist */; };
		B2E9A30F18F0C87200B1EC87 /* SFO.plist in Resources */ = {isa = PBXBuildFile; fileRef = B2E9A30E18F0C87200B1EC87 /* SFO.plist */; };
		B2E9A31118F0C8D400B1EC87 /* TXL.plist in Resources */ = {isa = PBXBuildFile; fileRef = B2E9A31018F0C8D400B1EC87 /* TXL.plist */; };
		B2E9A31318F0C91800B1EC87 /* BUD.plist in Resources */ = {isa = PBXBuildFile; fileRef = B2E9A31218F0C91800B1EC87 /* BUD.plist */; };
		B2E9A32218F1B44700B1EC87 /* JKGSecondScreenViewController.m in Sources */ = {isa = PBXBuildFile; fileRef = B2E9A32018F1B44700B1EC87 /* JKGSecondScreenViewController.m */; };
		B2E9A32318F1B44700B1EC87 /* JKGSecondScreenViewController.xib in Resources */ = {isa = PBXBuildFile; fileRef = B2E9A32118F1B44700B1EC87 /* JKGSecondScreenViewController.xib */; };
		B2E9A32E18F1B7B500B1EC87 /* bud01.png in Resources */ = {isa = PBXBuildFile; fileRef = B2E9A32618F1B7B500B1EC87 /* bud01.png */; };
		B2E9A32F18F1B7B500B1EC87 /* bud02.png in Resources */ = {isa = PBXBuildFile; fileRef = B2E9A32718F1B7B500B1EC87 /* bud02.png */; };
		B2E9A33018F1B7B500B1EC87 /* bud03.png in Resources */ = {isa = PBXBuildFile; fileRef = B2E9A32818F1B7B500B1EC87 /* bud03.png */; };
		B2E9A33118F1B7B500B1EC87 /* bud04.png in Resources */ = {isa = PBXBuildFile; fileRef = B2E9A32918F1B7B500B1EC87 /* bud04.png */; };
		B2E9A33218F1B7B500B1EC87 /* bud05.png in Resources */ = {isa = PBXBuildFile; fileRef = B2E9A32A18F1B7B500B1EC87 /* bud05.png */; };
		B2E9A33318F1B7B500B1EC87 /* bud06.png in Resources */ = {isa = PBXBuildFile; fileRef = B2E9A32B18F1B7B500B1EC87 /* bud06.png */; };
		B2E9A33418F1B7B500B1EC87 /* bud08.png in Resources */ = {isa = PBXBuildFile; fileRef = B2E9A32C18F1B7B500B1EC87 /* bud08.png */; };
		B2E9A33518F1B7B500B1EC87 /* bud09.png in Resources */ = {isa = PBXBuildFile; fileRef = B2E9A32D18F1B7B500B1EC87 /* bud09.png */; };
		B2E9A33D18F1F27E00B1EC87 /* QuartzCore.framework in Frameworks */ = {isa = PBXBuildFile; fileRef = B2E9A33C18F1F27E00B1EC87 /* QuartzCore.framework */; };
		B2E9A33F18F1F28500B1EC87 /* CoreLocation.framework in Frameworks */ = {isa = PBXBuildFile; fileRef = B2E9A33E18F1F28500B1EC87 /* CoreLocation.framework */; };
/* End PBXBuildFile section */

/* Begin PBXContainerItemProxy section */
		B2E9A2CD18F07D3700B1EC87 /* PBXContainerItemProxy */ = {
			isa = PBXContainerItemProxy;
			containerPortal = B2E9A29F18F07D3600B1EC87 /* Project object */;
			proxyType = 1;
			remoteGlobalIDString = B2E9A2A618F07D3700B1EC87;
			remoteInfo = JuditKlein;
		};
/* End PBXContainerItemProxy section */

/* Begin PBXFileReference section */
		B2E9A2A718F07D3700B1EC87 /* JuditKlein.app */ = {isa = PBXFileReference; explicitFileType = wrapper.application; includeInIndex = 0; path = JuditKlein.app; sourceTree = BUILT_PRODUCTS_DIR; };
		B2E9A2AA18F07D3700B1EC87 /* Foundation.framework */ = {isa = PBXFileReference; lastKnownFileType = wrapper.framework; name = Foundation.framework; path = System/Library/Frameworks/Foundation.framework; sourceTree = SDKROOT; };
		B2E9A2AC18F07D3700B1EC87 /* CoreGraphics.framework */ = {isa = PBXFileReference; lastKnownFileType = wrapper.framework; name = CoreGraphics.framework; path = System/Library/Frameworks/CoreGraphics.framework; sourceTree = SDKROOT; };
		B2E9A2AE18F07D3700B1EC87 /* UIKit.framework */ = {isa = PBXFileReference; lastKnownFileType = wrapper.framework; name = UIKit.framework; path = System/Library/Frameworks/UIKit.framework; sourceTree = SDKROOT; };
		B2E9A2B218F07D3700B1EC87 /* JuditKlein-Info.plist */ = {isa = PBXFileReference; lastKnownFileType = text.plist.xml; path = "JuditKlein-Info.plist"; sourceTree = "<group>"; };
		B2E9A2B418F07D3700B1EC87 /* en */ = {isa = PBXFileReference; lastKnownFileType = text.plist.strings; name = en; path = en.lproj/InfoPlist.strings; sourceTree = "<group>"; };
		B2E9A2B618F07D3700B1EC87 /* main.m */ = {isa = PBXFileReference; lastKnownFileType = sourcecode.c.objc; path = main.m; sourceTree = "<group>"; };
		B2E9A2B818F07D3700B1EC87 /* JuditKlein-Prefix.pch */ = {isa = PBXFileReference; lastKnownFileType = sourcecode.c.h; path = "JuditKlein-Prefix.pch"; sourceTree = "<group>"; };
		B2E9A2B918F07D3700B1EC87 /* JKGAppDelegate.h */ = {isa = PBXFileReference; lastKnownFileType = sourcecode.c.h; path = JKGAppDelegate.h; sourceTree = "<group>"; };
		B2E9A2BA18F07D3700B1EC87 /* JKGAppDelegate.m */ = {isa = PBXFileReference; lastKnownFileType = sourcecode.c.objc; path = JKGAppDelegate.m; sourceTree = "<group>"; };
		B2E9A2BD18F07D3700B1EC87 /* Base */ = {isa = PBXFileReference; lastKnownFileType = file.storyboard; name = Base; path = Base.lproj/Main.storyboard; sourceTree = "<group>"; };
		B2E9A2BF18F07D3700B1EC87 /* JKGViewController.h */ = {isa = PBXFileReference; lastKnownFileType = sourcecode.c.h; path = JKGViewController.h; sourceTree = "<group>"; };
		B2E9A2C018F07D3700B1EC87 /* JKGViewController.m */ = {isa = PBXFileReference; lastKnownFileType = sourcecode.c.objc; path = JKGViewController.m; sourceTree = "<group>"; };
		B2E9A2C218F07D3700B1EC87 /* Images.xcassets */ = {isa = PBXFileReference; lastKnownFileType = folder.assetcatalog; path = Images.xcassets; sourceTree = "<group>"; };
		B2E9A2C818F07D3700B1EC87 /* JuditKleinTests.xctest */ = {isa = PBXFileReference; explicitFileType = wrapper.cfbundle; includeInIndex = 0; path = JuditKleinTests.xctest; sourceTree = BUILT_PRODUCTS_DIR; };
		B2E9A2C918F07D3700B1EC87 /* XCTest.framework */ = {isa = PBXFileReference; lastKnownFileType = wrapper.framework; name = XCTest.framework; path = Library/Frameworks/XCTest.framework; sourceTree = DEVELOPER_DIR; };
		B2E9A2D118F07D3700B1EC87 /* JuditKleinTests-Info.plist */ = {isa = PBXFileReference; lastKnownFileType = text.plist.xml; path = "JuditKleinTests-Info.plist"; sourceTree = "<group>"; };
		B2E9A2D318F07D3700B1EC87 /* en */ = {isa = PBXFileReference; lastKnownFileType = text.plist.strings; name = en; path = en.lproj/InfoPlist.strings; sourceTree = "<group>"; };
		B2E9A2D518F07D3700B1EC87 /* JuditKleinTests.m */ = {isa = PBXFileReference; lastKnownFileType = sourcecode.c.objc; path = JuditKleinTests.m; sourceTree = "<group>"; };
		B2E9A2E218F07DDB00B1EC87 /* JKGSafetyVideo.h */ = {isa = PBXFileReference; fileEncoding = 4; lastKnownFileType = sourcecode.c.h; path = JKGSafetyVideo.h; sourceTree = "<group>"; };
		B2E9A2E318F07DDB00B1EC87 /* JKGSafetyVideo.m */ = {isa = PBXFileReference; fileEncoding = 4; lastKnownFileType = sourcecode.c.objc; path = JKGSafetyVideo.m; sourceTree = "<group>"; };
		B2E9A2E518F07E0200B1EC87 /* JKGCountry.h */ = {isa = PBXFileReference; fileEncoding = 4; lastKnownFileType = sourcecode.c.h; path = JKGCountry.h; sourceTree = "<group>"; };
		B2E9A2E618F07E0200B1EC87 /* JKGCountry.m */ = {isa = PBXFileReference; fileEncoding = 4; lastKnownFileType = sourcecode.c.objc; path = JKGCountry.m; sourceTree = "<group>"; };
		B2E9A2E818F07EB800B1EC87 /* JKGCountryProjectDetail.h */ = {isa = PBXFileReference; fileEncoding = 4; lastKnownFileType = sourcecode.c.h; path = JKGCountryProjectDetail.h; sourceTree = "<group>"; };
		B2E9A2E918F07EB800B1EC87 /* JKGCountryProjectDetail.m */ = {isa = PBXFileReference; fileEncoding = 4; lastKnownFileType = sourcecode.c.objc; path = JKGCountryProjectDetail.m; sourceTree = "<group>"; };
		B2E9A2EC18F07FCC00B1EC87 /* JKGSafetyVideoViewController.h */ = {isa = PBXFileReference; fileEncoding = 4; lastKnownFileType = sourcecode.c.h; path = JKGSafetyVideoViewController.h; sourceTree = "<group>"; };
		B2E9A2ED18F07FCC00B1EC87 /* JKGSafetyVideoViewController.m */ = {isa = PBXFileReference; fileEncoding = 4; lastKnownFileType = sourcecode.c.objc; path = JKGSafetyVideoViewController.m; sourceTree = "<group>"; };
		B2E9A2EE18F07FCC00B1EC87 /* JKGSafetyVideoViewController.xib */ = {isa = PBXFileReference; fileEncoding = 4; lastKnownFileType = file.xib; path = JKGSafetyVideoViewController.xib; sourceTree = "<group>"; };
		B2E9A2F218F0805300B1EC87 /* JKGCountryViewController.h */ = {isa = PBXFileReference; fileEncoding = 4; lastKnownFileType = sourcecode.c.h; name = JKGCountryViewController.h; path = ../JKGCountryViewController.h; sourceTree = "<group>"; };
		B2E9A2F318F0805300B1EC87 /* JKGCountryViewController.m */ = {isa = PBXFileReference; fileEncoding = 4; lastKnownFileType = sourcecode.c.objc; name = JKGCountryViewController.m; path = ../JKGCountryViewController.m; sourceTree = "<group>"; };
		B2E9A2F618F0836F00B1EC87 /* JKGCountryDetailViewController.h */ = {isa = PBXFileReference; fileEncoding = 4; lastKnownFileType = sourcecode.c.h; path = JKGCountryDetailViewController.h; sourceTree = "<group>"; };
		B2E9A2F718F0836F00B1EC87 /* JKGCountryDetailViewController.m */ = {isa = PBXFileReference; fileEncoding = 4; lastKnownFileType = sourcecode.c.objc; path = JKGCountryDetailViewController.m; sourceTree = "<group>"; };
		B2E9A2FE18F0A5B800B1EC87 /* JKGDatabase.h */ = {isa = PBXFileReference; fileEncoding = 4; lastKnownFileType = sourcecode.c.h; path = JKGDatabase.h; sourceTree = "<group>"; };
		B2E9A2FF18F0A5B800B1EC87 /* JKGDatabase.m */ = {isa = PBXFileReference; fileEncoding = 4; lastKnownFileType = sourcecode.c.objc; path = JKGDatabase.m; sourceTree = "<group>"; };
		B2E9A30818F0A7F500B1EC87 /* AKL.plist */ = {isa = PBXFileReference; fileEncoding = 4; lastKnownFileType = text.plist.xml; path = AKL.plist; sourceTree = "<group>"; };
		B2E9A30A18F0C70000B1EC87 /* TVU.plist */ = {isa = PBXFileReference; fileEncoding = 4; lastKnownFileType = text.plist.xml; path = TVU.plist; sourceTree = "<group>"; };
		B2E9A30C18F0C76300B1EC87 /* MEL.plist */ = {isa = PBXFileReference; fileEncoding = 4; lastKnownFileType = text.plist.xml; path = MEL.plist; sourceTree = "<group>"; };
		B2E9A30E18F0C87200B1EC87 /* SFO.plist */ = {isa = PBXFileReference; fileEncoding = 4; lastKnownFileType = text.plist.xml; path = SFO.plist; sourceTree = "<group>"; };
		B2E9A31018F0C8D400B1EC87 /* TXL.plist */ = {isa = PBXFileReference; fileEncoding = 4; lastKnownFileType = text.plist.xml; path = TXL.plist; sourceTree = "<group>"; };
		B2E9A31218F0C91800B1EC87 /* BUD.plist */ = {isa = PBXFileReference; fileEncoding = 4; lastKnownFileType = text.plist.xml; path = BUD.plist; sourceTree = "<group>"; };
		B2E9A31F18F1B44700B1EC87 /* JKGSecondScreenViewController.h */ = {isa = PBXFileReference; fileEncoding = 4; lastKnownFileType = sourcecode.c.h; name = JKGSecondScreenViewController.h; path = ../JKGSecondScreenViewController.h; sourceTree = "<group>"; };
		B2E9A32018F1B44700B1EC87 /* JKGSecondScreenViewController.m */ = {isa = PBXFileReference; fileEncoding = 4; lastKnownFileType = sourcecode.c.objc; name = JKGSecondScreenViewController.m; path = ../JKGSecondScreenViewController.m; sourceTree = "<group>"; };
		B2E9A32118F1B44700B1EC87 /* JKGSecondScreenViewController.xib */ = {isa = PBXFileReference; fileEncoding = 4; lastKnownFileType = file.xib; name = JKGSecondScreenViewController.xib; path = ../JKGSecondScreenViewController.xib; sourceTree = "<group>"; };
		B2E9A32618F1B7B500B1EC87 /* bud01.png */ = {isa = PBXFileReference; lastKnownFileType = image.png; path = bud01.png; sourceTree = "<group>"; };
		B2E9A32718F1B7B500B1EC87 /* bud02.png */ = {isa = PBXFileReference; lastKnownFileType = image.png; path = bud02.png; sourceTree = "<group>"; };
		B2E9A32818F1B7B500B1EC87 /* bud03.png */ = {isa = PBXFileReference; lastKnownFileType = image.png; path = bud03.png; sourceTree = "<group>"; };
		B2E9A32918F1B7B500B1EC87 /* bud04.png */ = {isa = PBXFileReference; lastKnownFileType = image.png; path = bud04.png; sourceTree = "<group>"; };
		B2E9A32A18F1B7B500B1EC87 /* bud05.png */ = {isa = PBXFileReference; lastKnownFileType = image.png; path = bud05.png; sourceTree = "<group>"; };
		B2E9A32B18F1B7B500B1EC87 /* bud06.png */ = {isa = PBXFileReference; lastKnownFileType = image.png; path = bud06.png; sourceTree = "<group>"; };
		B2E9A32C18F1B7B500B1EC87 /* bud08.png */ = {isa = PBXFileReference; lastKnownFileType = image.png; path = bud08.png; sourceTree = "<group>"; };
		B2E9A32D18F1B7B500B1EC87 /* bud09.png */ = {isa = PBXFileReference; lastKnownFileType = image.png; path = bud09.png; sourceTree = "<group>"; };
		B2E9A33C18F1F27E00B1EC87 /* QuartzCore.framework */ = {isa = PBXFileReference; lastKnownFileType = wrapper.framework; name = QuartzCore.framework; path = System/Library/Frameworks/QuartzCore.framework; sourceTree = SDKROOT; };
		B2E9A33E18F1F28500B1EC87 /* CoreLocation.framework */ = {isa = PBXFileReference; lastKnownFileType = wrapper.framework; name = CoreLocation.framework; path = System/Library/Frameworks/CoreLocation.framework; sourceTree = SDKROOT; };
/* End PBXFileReference section */

/* Begin PBXFrameworksBuildPhase section */
		B2E9A2A418F07D3700B1EC87 /* Frameworks */ = {
			isa = PBXFrameworksBuildPhase;
			buildActionMask = 2147483647;
			files = (
				B2E9A33F18F1F28500B1EC87 /* CoreLocation.framework in Frameworks */,
				B2E9A33D18F1F27E00B1EC87 /* QuartzCore.framework in Frameworks */,
				B2E9A2AD18F07D3700B1EC87 /* CoreGraphics.framework in Frameworks */,
				B2E9A2AF18F07D3700B1EC87 /* UIKit.framework in Frameworks */,
				B2E9A2AB18F07D3700B1EC87 /* Foundation.framework in Frameworks */,
			);
			runOnlyForDeploymentPostprocessing = 0;
		};
		B2E9A2C518F07D3700B1EC87 /* Frameworks */ = {
			isa = PBXFrameworksBuildPhase;
			buildActionMask = 2147483647;
			files = (
				B2E9A2CA18F07D3700B1EC87 /* XCTest.framework in Frameworks */,
				B2E9A2CC18F07D3700B1EC87 /* UIKit.framework in Frameworks */,
				B2E9A2CB18F07D3700B1EC87 /* Foundation.framework in Frameworks */,
			);
			runOnlyForDeploymentPostprocessing = 0;
		};
/* End PBXFrameworksBuildPhase section */

/* Begin PBXGroup section */
		B2E9A29E18F07D3600B1EC87 = {
			isa = PBXGroup;
			children = (
				B2E9A2B018F07D3700B1EC87 /* JuditKlein */,
				B2E9A2CF18F07D3700B1EC87 /* JuditKleinTests */,
				B2E9A2A918F07D3700B1EC87 /* Frameworks */,
				B2E9A2A818F07D3700B1EC87 /* Products */,
			);
			sourceTree = "<group>";
		};
		B2E9A2A818F07D3700B1EC87 /* Products */ = {
			isa = PBXGroup;
			children = (
				B2E9A2A718F07D3700B1EC87 /* JuditKlein.app */,
				B2E9A2C818F07D3700B1EC87 /* JuditKleinTests.xctest */,
			);
			name = Products;
			sourceTree = "<group>";
		};
		B2E9A2A918F07D3700B1EC87 /* Frameworks */ = {
			isa = PBXGroup;
			children = (
				B2E9A33E18F1F28500B1EC87 /* CoreLocation.framework */,
				B2E9A33C18F1F27E00B1EC87 /* QuartzCore.framework */,
				B2E9A2AA18F07D3700B1EC87 /* Foundation.framework */,
				B2E9A2AC18F07D3700B1EC87 /* CoreGraphics.framework */,
				B2E9A2AE18F07D3700B1EC87 /* UIKit.framework */,
				B2E9A2C918F07D3700B1EC87 /* XCTest.framework */,
			);
			name = Frameworks;
			sourceTree = "<group>";
		};
		B2E9A2B018F07D3700B1EC87 /* JuditKlein */ = {
			isa = PBXGroup;
			children = (
				B2E9A32518F1B76400B1EC87 /* In flight entertainment content */,
				B2E9A31618F0E2D400B1EC87 /* App Delegate */,
				B2E9A30118F0A79700B1EC87 /* Country Information */,
				B2E9A2BC18F07D3700B1EC87 /* Main.storyboard */,
				B2E9A2DF18F07D6700B1EC87 /* Models */,
				B2E9A2E018F07D6C00B1EC87 /* Views */,
				B2E9A2E118F07D7A00B1EC87 /* Controllers */,
				B2E9A2C218F07D3700B1EC87 /* Images.xcassets */,
				B2E9A2B118F07D3700B1EC87 /* Supporting Files */,
			);
			path = JuditKlein;
			sourceTree = "<group>";
		};
		B2E9A2B118F07D3700B1EC87 /* Supporting Files */ = {
			isa = PBXGroup;
			children = (
				B2E9A2B218F07D3700B1EC87 /* JuditKlein-Info.plist */,
				B2E9A2B318F07D3700B1EC87 /* InfoPlist.strings */,
				B2E9A2B618F07D3700B1EC87 /* main.m */,
				B2E9A2B818F07D3700B1EC87 /* JuditKlein-Prefix.pch */,
			);
			name = "Supporting Files";
			sourceTree = "<group>";
		};
		B2E9A2CF18F07D3700B1EC87 /* JuditKleinTests */ = {
			isa = PBXGroup;
			children = (
				B2E9A2D518F07D3700B1EC87 /* JuditKleinTests.m */,
				B2E9A2D018F07D3700B1EC87 /* Supporting Files */,
			);
			path = JuditKleinTests;
			sourceTree = "<group>";
		};
		B2E9A2D018F07D3700B1EC87 /* Supporting Files */ = {
			isa = PBXGroup;
			children = (
				B2E9A2D118F07D3700B1EC87 /* JuditKleinTests-Info.plist */,
				B2E9A2D218F07D3700B1EC87 /* InfoPlist.strings */,
			);
			name = "Supporting Files";
			sourceTree = "<group>";
		};
		B2E9A2DF18F07D6700B1EC87 /* Models */ = {
			isa = PBXGroup;
			children = (
				B2E9A2FD18F0A5A300B1EC87 /* Database */,
				B2E9A2E218F07DDB00B1EC87 /* JKGSafetyVideo.h */,
				B2E9A2E318F07DDB00B1EC87 /* JKGSafetyVideo.m */,
				B2E9A2E518F07E0200B1EC87 /* JKGCountry.h */,
				B2E9A2E618F07E0200B1EC87 /* JKGCountry.m */,
				B2E9A2E818F07EB800B1EC87 /* JKGCountryProjectDetail.h */,
				B2E9A2E918F07EB800B1EC87 /* JKGCountryProjectDetail.m */,
			);
			name = Models;
			sourceTree = "<group>";
		};
		B2E9A2E018F07D6C00B1EC87 /* Views */ = {
			isa = PBXGroup;
			children = (
				B2E9A32418F1B48A00B1EC87 /* Second Screen */,
				B2E9A2EB18F07F8B00B1EC87 /* Safety Video */,
			);
			name = Views;
			sourceTree = "<group>";
		};
		B2E9A2E118F07D7A00B1EC87 /* Controllers */ = {
			isa = PBXGroup;
			children = (
				B2E9A31718F1A94900B1EC87 /* Second Screen */,
				B2E9A2F918F084C700B1EC87 /* Country Detali */,
				B2E9A2F518F0805A00B1EC87 /* Countries */,
				B2E9A2F118F07FD100B1EC87 /* Safety Video */,
				B2E9A2BF18F07D3700B1EC87 /* JKGViewController.h */,
				B2E9A2C018F07D3700B1EC87 /* JKGViewController.m */,
			);
			name = Controllers;
			sourceTree = "<group>";
		};
		B2E9A2EB18F07F8B00B1EC87 /* Safety Video */ = {
			isa = PBXGroup;
			children = (
				B2E9A2EE18F07FCC00B1EC87 /* JKGSafetyVideoViewController.xib */,
			);
			name = "Safety Video";
			sourceTree = "<group>";
		};
		B2E9A2F118F07FD100B1EC87 /* Safety Video */ = {
			isa = PBXGroup;
			children = (
				B2E9A2EC18F07FCC00B1EC87 /* JKGSafetyVideoViewController.h */,
				B2E9A2ED18F07FCC00B1EC87 /* JKGSafetyVideoViewController.m */,
			);
			name = "Safety Video";
			sourceTree = "<group>";
		};
		B2E9A2F518F0805A00B1EC87 /* Countries */ = {
			isa = PBXGroup;
			children = (
				B2E9A2F218F0805300B1EC87 /* JKGCountryViewController.h */,
				B2E9A2F318F0805300B1EC87 /* JKGCountryViewController.m */,
			);
			name = Countries;
			sourceTree = "<group>";
		};
		B2E9A2F918F084C700B1EC87 /* Country Detali */ = {
			isa = PBXGroup;
			children = (
				B2E9A2F618F0836F00B1EC87 /* JKGCountryDetailViewController.h */,
				B2E9A2F718F0836F00B1EC87 /* JKGCountryDetailViewController.m */,
			);
			name = "Country Detali";
			sourceTree = "<group>";
		};
		B2E9A2FD18F0A5A300B1EC87 /* Database */ = {
			isa = PBXGroup;
			children = (
				B2E9A2FE18F0A5B800B1EC87 /* JKGDatabase.h */,
				B2E9A2FF18F0A5B800B1EC87 /* JKGDatabase.m */,
			);
			name = Database;
			sourceTree = "<group>";
		};
		B2E9A30118F0A79700B1EC87 /* Country Information */ = {
			isa = PBXGroup;
			children = (
				B2E9A30718F0A7DD00B1EC87 /* AKL */,
				B2E9A30618F0A7D500B1EC87 /* TVU */,
				B2E9A30518F0A7CD00B1EC87 /* MEL */,
				B2E9A30418F0A7C400B1EC87 /* SFO */,
				B2E9A30318F0A7BC00B1EC87 /* TXL */,
				B2E9A30218F0A7AA00B1EC87 /* BUD */,
			);
			name = "Country Information";
			sourceTree = "<group>";
		};
		B2E9A30218F0A7AA00B1EC87 /* BUD */ = {
			isa = PBXGroup;
			children = (
				B2E9A31218F0C91800B1EC87 /* BUD.plist */,
			);
			name = BUD;
			sourceTree = "<group>";
		};
		B2E9A30318F0A7BC00B1EC87 /* TXL */ = {
			isa = PBXGroup;
			children = (
				B2E9A31018F0C8D400B1EC87 /* TXL.plist */,
			);
			name = TXL;
			sourceTree = "<group>";
		};
		B2E9A30418F0A7C400B1EC87 /* SFO */ = {
			isa = PBXGroup;
			children = (
				B2E9A30E18F0C87200B1EC87 /* SFO.plist */,
			);
			name = SFO;
			sourceTree = "<group>";
		};
		B2E9A30518F0A7CD00B1EC87 /* MEL */ = {
			isa = PBXGroup;
			children = (
				B2E9A30C18F0C76300B1EC87 /* MEL.plist */,
			);
			name = MEL;
			sourceTree = "<group>";
		};
		B2E9A30618F0A7D500B1EC87 /* TVU */ = {
			isa = PBXGroup;
			children = (
				B2E9A30A18F0C70000B1EC87 /* TVU.plist */,
			);
			name = TVU;
			sourceTree = "<group>";
		};
		B2E9A30718F0A7DD00B1EC87 /* AKL */ = {
			isa = PBXGroup;
			children = (
				B2E9A30818F0A7F500B1EC87 /* AKL.plist */,
			);
			name = AKL;
			sourceTree = "<group>";
		};
		B2E9A31618F0E2D400B1EC87 /* App Delegate */ = {
			isa = PBXGroup;
			children = (
				B2E9A2B918F07D3700B1EC87 /* JKGAppDelegate.h */,
				B2E9A2BA18F07D3700B1EC87 /* JKGAppDelegate.m */,
			);
			name = "App Delegate";
			sourceTree = "<group>";
		};
		B2E9A31718F1A94900B1EC87 /* Second Screen */ = {
			isa = PBXGroup;
			children = (
				B2E9A31F18F1B44700B1EC87 /* JKGSecondScreenViewController.h */,
				B2E9A32018F1B44700B1EC87 /* JKGSecondScreenViewController.m */,
			);
			name = "Second Screen";
			sourceTree = "<group>";
		};
		B2E9A32418F1B48A00B1EC87 /* Second Screen */ = {
			isa = PBXGroup;
			children = (
				B2E9A32118F1B44700B1EC87 /* JKGSecondScreenViewController.xib */,
			);
			name = "Second Screen";
			sourceTree = "<group>";
		};
		B2E9A32518F1B76400B1EC87 /* In flight entertainment content */ = {
			isa = PBXGroup;
			children = (
				B2E9A33B18F1EF3C00B1EC87 /* TXL */,
				B2E9A33A18F1EF1500B1EC87 /* AKL */,
				B2E9A33918F1EF1100B1EC87 /* MEL */,
				B2E9A33818F1EEFD00B1EC87 /* TVU */,
				B2E9A33718F1EEF600B1EC87 /* SFO */,
				B2E9A33618F1B7BE00B1EC87 /* BUD */,
			);
			name = "In flight entertainment content";
			sourceTree = "<group>";
		};
		B2E9A33618F1B7BE00B1EC87 /* BUD */ = {
			isa = PBXGroup;
			children = (
				B2E9A32618F1B7B500B1EC87 /* bud01.png */,
				B2E9A32718F1B7B500B1EC87 /* bud02.png */,
				B2E9A32818F1B7B500B1EC87 /* bud03.png */,
				B2E9A32918F1B7B500B1EC87 /* bud04.png */,
				B2E9A32A18F1B7B500B1EC87 /* bud05.png */,
				B2E9A32B18F1B7B500B1EC87 /* bud06.png */,
				B2E9A32C18F1B7B500B1EC87 /* bud08.png */,
				B2E9A32D18F1B7B500B1EC87 /* bud09.png */,
			);
			name = BUD;
			sourceTree = "<group>";
		};
		B2E9A33718F1EEF600B1EC87 /* SFO */ = {
			isa = PBXGroup;
			children = (
			);
			name = SFO;
			sourceTree = "<group>";
		};
		B2E9A33818F1EEFD00B1EC87 /* TVU */ = {
			isa = PBXGroup;
			children = (
			);
			name = TVU;
			sourceTree = "<group>";
		};
		B2E9A33918F1EF1100B1EC87 /* MEL */ = {
			isa = PBXGroup;
			children = (
			);
			name = MEL;
			sourceTree = "<group>";
		};
		B2E9A33A18F1EF1500B1EC87 /* AKL */ = {
			isa = PBXGroup;
			children = (
			);
			name = AKL;
			sourceTree = "<group>";
		};
		B2E9A33B18F1EF3C00B1EC87 /* TXL */ = {
			isa = PBXGroup;
			children = (
			);
			name = TXL;
			sourceTree = "<group>";
		};
/* End PBXGroup section */

/* Begin PBXNativeTarget section */
		B2E9A2A618F07D3700B1EC87 /* JuditKlein */ = {
			isa = PBXNativeTarget;
			buildConfigurationList = B2E9A2D918F07D3700B1EC87 /* Build configuration list for PBXNativeTarget "JuditKlein" */;
			buildPhases = (
				B2E9A2A318F07D3700B1EC87 /* Sources */,
				B2E9A2A418F07D3700B1EC87 /* Frameworks */,
				B2E9A2A518F07D3700B1EC87 /* Resources */,
			);
			buildRules = (
			);
			dependencies = (
			);
			name = JuditKlein;
			productName = JuditKlein;
			productReference = B2E9A2A718F07D3700B1EC87 /* JuditKlein.app */;
			productType = "com.apple.product-type.application";
		};
		B2E9A2C718F07D3700B1EC87 /* JuditKleinTests */ = {
			isa = PBXNativeTarget;
			buildConfigurationList = B2E9A2DC18F07D3700B1EC87 /* Build configuration list for PBXNativeTarget "JuditKleinTests" */;
			buildPhases = (
				B2E9A2C418F07D3700B1EC87 /* Sources */,
				B2E9A2C518F07D3700B1EC87 /* Frameworks */,
				B2E9A2C618F07D3700B1EC87 /* Resources */,
			);
			buildRules = (
			);
			dependencies = (
				B2E9A2CE18F07D3700B1EC87 /* PBXTargetDependency */,
			);
			name = JuditKleinTests;
			productName = JuditKleinTests;
			productReference = B2E9A2C818F07D3700B1EC87 /* JuditKleinTests.xctest */;
			productType = "com.apple.product-type.bundle.unit-test";
		};
/* End PBXNativeTarget section */

/* Begin PBXProject section */
		B2E9A29F18F07D3600B1EC87 /* Project object */ = {
			isa = PBXProject;
			attributes = {
				CLASSPREFIX = JKG;
				LastUpgradeCheck = 0510;
				ORGANIZATIONNAME = juditk;
				TargetAttributes = {
					B2E9A2C718F07D3700B1EC87 = {
						TestTargetID = B2E9A2A618F07D3700B1EC87;
					};
				};
			};
			buildConfigurationList = B2E9A2A218F07D3600B1EC87 /* Build configuration list for PBXProject "JuditKlein" */;
			compatibilityVersion = "Xcode 3.2";
			developmentRegion = English;
			hasScannedForEncodings = 0;
			knownRegions = (
				en,
				Base,
			);
			mainGroup = B2E9A29E18F07D3600B1EC87;
			productRefGroup = B2E9A2A818F07D3700B1EC87 /* Products */;
			projectDirPath = "";
			projectRoot = "";
			targets = (
				B2E9A2A618F07D3700B1EC87 /* JuditKlein */,
				B2E9A2C718F07D3700B1EC87 /* JuditKleinTests */,
			);
		};
/* End PBXProject section */

/* Begin PBXResourcesBuildPhase section */
		B2E9A2A518F07D3700B1EC87 /* Resources */ = {
			isa = PBXResourcesBuildPhase;
			buildActionMask = 2147483647;
			files = (
				B2E9A31318F0C91800B1EC87 /* BUD.plist in Resources */,
				B2E9A30D18F0C76300B1EC87 /* MEL.plist in Resources */,
				B2E9A32318F1B44700B1EC87 /* JKGSecondScreenViewController.xib in Resources */,
				B2E9A2C318F07D3700B1EC87 /* Images.xcassets in Resources */,
				B2E9A2B518F07D3700B1EC87 /* InfoPlist.strings in Resources */,
				B2E9A30F18F0C87200B1EC87 /* SFO.plist in Resources */,
				B2E9A31118F0C8D400B1EC87 /* TXL.plist in Resources */,
				B2E9A32F18F1B7B500B1EC87 /* bud02.png in Resources */,
				B2E9A33018F1B7B500B1EC87 /* bud03.png in Resources */,
				B2E9A2F018F07FCC00B1EC87 /* JKGSafetyVideoViewController.xib in Resources */,
				B2E9A32E18F1B7B500B1EC87 /* bud01.png in Resources */,
				B2E9A33418F1B7B500B1EC87 /* bud08.png in Resources */,
				B2E9A2BE18F07D3700B1EC87 /* Main.storyboard in Resources */,
				B2E9A33518F1B7B500B1EC87 /* bud09.png in Resources */,
				B2E9A33318F1B7B500B1EC87 /* bud06.png in Resources */,
				B2E9A33218F1B7B500B1EC87 /* bud05.png in Resources */,
				B2E9A30B18F0C70000B1EC87 /* TVU.plist in Resources */,
				B2E9A30918F0A7F500B1EC87 /* AKL.plist in Resources */,
				B2E9A33118F1B7B500B1EC87 /* bud04.png in Resources */,
			);
			runOnlyForDeploymentPostprocessing = 0;
		};
		B2E9A2C618F07D3700B1EC87 /* Resources */ = {
			isa = PBXResourcesBuildPhase;
			buildActionMask = 2147483647;
			files = (
				B2E9A2D418F07D3700B1EC87 /* InfoPlist.strings in Resources */,
			);
			runOnlyForDeploymentPostprocessing = 0;
		};
/* End PBXResourcesBuildPhase section */

/* Begin PBXSourcesBuildPhase section */
		B2E9A2A318F07D3700B1EC87 /* Sources */ = {
			isa = PBXSourcesBuildPhase;
			buildActionMask = 2147483647;
			files = (
				B2E9A2EF18F07FCC00B1EC87 /* JKGSafetyVideoViewController.m in Sources */,
				B2E9A30018F0A5B800B1EC87 /* JKGDatabase.m in Sources */,
				B2E9A2E718F07E0200B1EC87 /* JKGCountry.m in Sources */,
				B2E9A2B718F07D3700B1EC87 /* main.m in Sources */,
				B2E9A32218F1B44700B1EC87 /* JKGSecondScreenViewController.m in Sources */,
				B2E9A2F818F0836F00B1EC87 /* JKGCountryDetailViewController.m in Sources */,
				B2E9A2EA18F07EB800B1EC87 /* JKGCountryProjectDetail.m in Sources */,
				B2E9A2F418F0805300B1EC87 /* JKGCountryViewController.m in Sources */,
				B2E9A2C118F07D3700B1EC87 /* JKGViewController.m in Sources */,
				B2E9A2E418F07DDB00B1EC87 /* JKGSafetyVideo.m in Sources */,
				B2E9A2BB18F07D3700B1EC87 /* JKGAppDelegate.m in Sources */,
			);
			runOnlyForDeploymentPostprocessing = 0;
		};
		B2E9A2C418F07D3700B1EC87 /* Sources */ = {
			isa = PBXSourcesBuildPhase;
			buildActionMask = 2147483647;
			files = (
				B2E9A2D618F07D3700B1EC87 /* JuditKleinTests.m in Sources */,
			);
			runOnlyForDeploymentPostprocessing = 0;
		};
/* End PBXSourcesBuildPhase section */

/* Begin PBXTargetDependency section */
		B2E9A2CE18F07D3700B1EC87 /* PBXTargetDependency */ = {
			isa = PBXTargetDependency;
			target = B2E9A2A618F07D3700B1EC87 /* JuditKlein */;
			targetProxy = B2E9A2CD18F07D3700B1EC87 /* PBXContainerItemProxy */;
		};
/* End PBXTargetDependency section */

/* Begin PBXVariantGroup section */
		B2E9A2B318F07D3700B1EC87 /* InfoPlist.strings */ = {
			isa = PBXVariantGroup;
			children = (
				B2E9A2B418F07D3700B1EC87 /* en */,
			);
			name = InfoPlist.strings;
			sourceTree = "<group>";
		};
		B2E9A2BC18F07D3700B1EC87 /* Main.storyboard */ = {
			isa = PBXVariantGroup;
			children = (
				B2E9A2BD18F07D3700B1EC87 /* Base */,
			);
			name = Main.storyboard;
			sourceTree = "<group>";
		};
		B2E9A2D218F07D3700B1EC87 /* InfoPlist.strings */ = {
			isa = PBXVariantGroup;
			children = (
				B2E9A2D318F07D3700B1EC87 /* en */,
			);
			name = InfoPlist.strings;
			sourceTree = "<group>";
		};
/* End PBXVariantGroup section */

/* Begin XCBuildConfiguration section */
		B2E9A2D718F07D3700B1EC87 /* Debug */ = {
			isa = XCBuildConfiguration;
			buildSettings = {
				ALWAYS_SEARCH_USER_PATHS = NO;
				CLANG_CXX_LANGUAGE_STANDARD = "gnu++0x";
				CLANG_CXX_LIBRARY = "libc++";
				CLANG_ENABLE_MODULES = YES;
				CLANG_ENABLE_OBJC_ARC = YES;
				CLANG_WARN_BOOL_CONVERSION = YES;
				CLANG_WARN_CONSTANT_CONVERSION = YES;
				CLANG_WARN_DIRECT_OBJC_ISA_USAGE = YES_ERROR;
				CLANG_WARN_EMPTY_BODY = YES;
				CLANG_WARN_ENUM_CONVERSION = YES;
				CLANG_WARN_INT_CONVERSION = YES;
				CLANG_WARN_OBJC_ROOT_CLASS = YES_ERROR;
				CLANG_WARN__DUPLICATE_METHOD_MATCH = YES;
				"CODE_SIGN_IDENTITY[sdk=iphoneos*]" = "iPhone Developer";
				COPY_PHASE_STRIP = NO;
				GCC_C_LANGUAGE_STANDARD = gnu99;
				GCC_DYNAMIC_NO_PIC = NO;
				GCC_OPTIMIZATION_LEVEL = 0;
				GCC_PREPROCESSOR_DEFINITIONS = (
					"DEBUG=1",
					"$(inherited)",
				);
				GCC_SYMBOLS_PRIVATE_EXTERN = NO;
				GCC_WARN_64_TO_32_BIT_CONVERSION = YES;
				GCC_WARN_ABOUT_RETURN_TYPE = YES_ERROR;
				GCC_WARN_UNDECLARED_SELECTOR = YES;
				GCC_WARN_UNINITIALIZED_AUTOS = YES_AGGRESSIVE;
				GCC_WARN_UNUSED_FUNCTION = YES;
				GCC_WARN_UNUSED_VARIABLE = YES;
				IPHONEOS_DEPLOYMENT_TARGET = 7.1;
				ONLY_ACTIVE_ARCH = YES;
				SDKROOT = iphoneos;
			};
			name = Debug;
		};
		B2E9A2D818F07D3700B1EC87 /* Release */ = {
			isa = XCBuildConfiguration;
			buildSettings = {
				ALWAYS_SEARCH_USER_PATHS = NO;
				CLANG_CXX_LANGUAGE_STANDARD = "gnu++0x";
				CLANG_CXX_LIBRARY = "libc++";
				CLANG_ENABLE_MODULES = YES;
				CLANG_ENABLE_OBJC_ARC = YES;
				CLANG_WARN_BOOL_CONVERSION = YES;
				CLANG_WARN_CONSTANT_CONVERSION = YES;
				CLANG_WARN_DIRECT_OBJC_ISA_USAGE = YES_ERROR;
				CLANG_WARN_EMPTY_BODY = YES;
				CLANG_WARN_ENUM_CONVERSION = YES;
				CLANG_WARN_INT_CONVERSION = YES;
				CLANG_WARN_OBJC_ROOT_CLASS = YES_ERROR;
				CLANG_WARN__DUPLICATE_METHOD_MATCH = YES;
				"CODE_SIGN_IDENTITY[sdk=iphoneos*]" = "iPhone Developer";
				COPY_PHASE_STRIP = YES;
				ENABLE_NS_ASSERTIONS = NO;
				GCC_C_LANGUAGE_STANDARD = gnu99;
				GCC_WARN_64_TO_32_BIT_CONVERSION = YES;
				GCC_WARN_ABOUT_RETURN_TYPE = YES_ERROR;
				GCC_WARN_UNDECLARED_SELECTOR = YES;
				GCC_WARN_UNINITIALIZED_AUTOS = YES_AGGRESSIVE;
				GCC_WARN_UNUSED_FUNCTION = YES;
				GCC_WARN_UNUSED_VARIABLE = YES;
				IPHONEOS_DEPLOYMENT_TARGET = 7.1;
				SDKROOT = iphoneos;
				VALIDATE_PRODUCT = YES;
			};
			name = Release;
		};
		B2E9A2DA18F07D3700B1EC87 /* Debug */ = {
			isa = XCBuildConfiguration;
			buildSettings = {
				ASSETCATALOG_COMPILER_APPICON_NAME = AppIcon;
				ASSETCATALOG_COMPILER_LAUNCHIMAGE_NAME = LaunchImage;
				GCC_PRECOMPILE_PREFIX_HEADER = YES;
				GCC_PREFIX_HEADER = "JuditKlein/JuditKlein-Prefix.pch";
				INFOPLIST_FILE = "JuditKlein/JuditKlein-Info.plist";
				PRODUCT_NAME = "$(TARGET_NAME)";
				WRAPPER_EXTENSION = app;
			};
			name = Debug;
		};
		B2E9A2DB18F07D3700B1EC87 /* Release */ = {
			isa = XCBuildConfiguration;
			buildSettings = {
				ASSETCATALOG_COMPILER_APPICON_NAME = AppIcon;
				ASSETCATALOG_COMPILER_LAUNCHIMAGE_NAME = LaunchImage;
				GCC_PRECOMPILE_PREFIX_HEADER = YES;
				GCC_PREFIX_HEADER = "JuditKlein/JuditKlein-Prefix.pch";
				INFOPLIST_FILE = "JuditKlein/JuditKlein-Info.plist";
				PRODUCT_NAME = "$(TARGET_NAME)";
				WRAPPER_EXTENSION = app;
			};
			name = Release;
		};
		B2E9A2DD18F07D3700B1EC87 /* Debug */ = {
			isa = XCBuildConfiguration;
			buildSettings = {
				BUNDLE_LOADER = "$(BUILT_PRODUCTS_DIR)/JuditKlein.app/JuditKlein";
				FRAMEWORK_SEARCH_PATHS = (
					"$(SDKROOT)/Developer/Library/Frameworks",
					"$(inherited)",
					"$(DEVELOPER_FRAMEWORKS_DIR)",
				);
				GCC_PRECOMPILE_PREFIX_HEADER = YES;
				GCC_PREFIX_HEADER = "JuditKlein/JuditKlein-Prefix.pch";
				GCC_PREPROCESSOR_DEFINITIONS = (
					"DEBUG=1",
					"$(inherited)",
				);
				INFOPLIST_FILE = "JuditKleinTests/JuditKleinTests-Info.plist";
				PRODUCT_NAME = "$(TARGET_NAME)";
				TEST_HOST = "$(BUNDLE_LOADER)";
				WRAPPER_EXTENSION = xctest;
			};
			name = Debug;
		};
		B2E9A2DE18F07D3700B1EC87 /* Release */ = {
			isa = XCBuildConfiguration;
			buildSettings = {
				BUNDLE_LOADER = "$(BUILT_PRODUCTS_DIR)/JuditKlein.app/JuditKlein";
				FRAMEWORK_SEARCH_PATHS = (
					"$(SDKROOT)/Developer/Library/Frameworks",
					"$(inherited)",
					"$(DEVELOPER_FRAMEWORKS_DIR)",
				);
				GCC_PRECOMPILE_PREFIX_HEADER = YES;
				GCC_PREFIX_HEADER = "JuditKlein/JuditKlein-Prefix.pch";
				INFOPLIST_FILE = "JuditKleinTests/JuditKleinTests-Info.plist";
				PRODUCT_NAME = "$(TARGET_NAME)";
				TEST_HOST = "$(BUNDLE_LOADER)";
				WRAPPER_EXTENSION = xctest;
			};
			name = Release;
		};
/* End XCBuildConfiguration section */

/* Begin XCConfigurationList section */
		B2E9A2A218F07D3600B1EC87 /* Build configuration list for PBXProject "JuditKlein" */ = {
			isa = XCConfigurationList;
			buildConfigurations = (
				B2E9A2D718F07D3700B1EC87 /* Debug */,
				B2E9A2D818F07D3700B1EC87 /* Release */,
			);
			defaultConfigurationIsVisible = 0;
			defaultConfigurationName = Release;
		};
		B2E9A2D918F07D3700B1EC87 /* Build configuration list for PBXNativeTarget "JuditKlein" */ = {
			isa = XCConfigurationList;
			buildConfigurations = (
				B2E9A2DA18F07D3700B1EC87 /* Debug */,
				B2E9A2DB18F07D3700B1EC87 /* Release */,
			);
			defaultConfigurationIsVisible = 0;
		};
		B2E9A2DC18F07D3700B1EC87 /* Build configuration list for PBXNativeTarget "JuditKleinTests" */ = {
			isa = XCConfigurationList;
			buildConfigurations = (
				B2E9A2DD18F07D3700B1EC87 /* Debug */,
				B2E9A2DE18F07D3700B1EC87 /* Release */,
			);
			defaultConfigurationIsVisible = 0;
		};
/* End XCConfigurationList section */
	};
	rootObject = B2E9A29F18F07D3600B1EC87 /* Project object */;
}
